
Microsoft Visual Studio Solution File, Format Version 12.00
# Visual Studio Version 16
VisualStudioVersion = 16.0.31205.134
MinimumVisualStudioVersion = 10.0.40219.1
Project("{FAE04EC0-301F-11D3-BF4B-00C04F79EFBC}") = "Lab1.1", "Lab1.1\Lab1.1.csproj", "{372952F0-58A6-4A94-82CB-9E7E87606174}"
EndProject
Project("{FAE04EC0-301F-11D3-BF4B-00C04F79EFBC}") = "Lab1.3", "Lab1.3\Lab1.3.csproj", "{19F2EA1B-C35B-46F1-93F7-96F53029D176}"
EndProject
Project("{FAE04EC0-301F-11D3-BF4B-00C04F79EFBC}") = "Lab1.2", "Lab1.2\Lab1.2.csproj", "{2AE21E86-81F8-4786-BA0D-54406D549497}"
EndProject
Project("{FAE04EC0-301F-11D3-BF4B-00C04F79EFBC}") = "Lab1.4(MdiApplication)", "Lab1.4(MdiApplication)\Lab1.4(MdiApplication).csproj", "{E756D90F-01A1-48FF-806C-DBF4E89C8F9C}"
EndProject
Project("{FAE04EC0-301F-11D3-BF4B-00C04F79EFBC}") = "Lab1.5.1", "Lab1.5.1\Lab1.5.1.csproj", "{9D6EB8B9-81B0-4105-8E38-58616B836440}"
EndProject
Project("{FAE04EC0-301F-11D3-BF4B-00C04F79EFBC}") = "Lab1.5.2", "Lab1.5.2\Lab1.5.2.csproj", "{26635361-D10E-4C83-98C1-E060836043B8}"
EndProject
Project("{FAE04EC0-301F-11D3-BF4B-00C04F79EFBC}") = "Lab1.5.3", "Lab1.5.3\Lab1.5.3.csproj", "{AF604EE0-C84D-4B8A-A5FA-4214A9F84352}"
EndProject
Project("{FAE04EC0-301F-11D3-BF4B-00C04F79EFBC}") = "Lab2.1(WinQuestion)", "Lab2.1(WinQuestion)\Lab2.1(WinQuestion).csproj", "{236F6ABE-6C51-4567-88C0-1E617D0FFA73}"
EndProject
Project("{FAE04EC0-301F-11D3-BF4B-00C04F79EFBC}") = "Lab2.2(TestList)", "Lab2.2(TestList)\Lab2.2(TestList).csproj", "{5D39C693-3D8A-4EC4-AD43-A4B8CF05FEED}"
EndProject
Project("{FAE04EC0-301F-11D3-BF4B-00C04F79EFBC}") = "Lab2.3(MdiApplication)", "Lab2.3(MdiApplication)\Lab2.3(MdiApplication).csproj", "{EBA7C9C1-BFFC-4E3D-842C-3FF11DE2B6B8}"
EndProject
Project("{FAE04EC0-301F-11D3-BF4B-00C04F79EFBC}") = "Lab2.4(MdiApplication)", "Lab2.4(MdiApplication)\Lab2.4(MdiApplication).csproj", "{B9B701C1-C2F2-48DE-9F28-A11A296DB614}"
EndProject
Project("{FAE04EC0-301F-11D3-BF4B-00C04F79EFBC}") = "Lab2.5(WinContainer)", "Lab2.5(WinContainer)\Lab2.5(WinContainer).csproj", "{4FD98B5A-3764-43FB-9710-81357BEBAEF6}"
EndProject
Project("{FAE04EC0-301F-11D3-BF4B-00C04F79EFBC}") = "Lab2.6(BiblWorm)", "Lab2.6(BiblWorm)\Lab2.6(BiblWorm).csproj", "{151E6223-CDA2-4C88-87A2-756BC7F84714}"
EndProject
Project("{FAE04EC0-301F-11D3-BF4B-00C04F79EFBC}") = "Lab2.7(RegistrationForm)", "Lab2.7(RegistrationForm)\Lab2.7(RegistrationForm).csproj", "{8515B6A0-4708-4397-A70C-C80F7EAB01AD}"
EndProject
Project("{FAE04EC0-301F-11D3-BF4B-00C04F79EFBC}") = "Lab2.8(RegistrationForm)", "Lab2.8(RegistrationForm)\Lab2.8(RegistrationForm).csproj", "{0BA3950D-2296-4AD8-8271-05A175071215}"
EndProject
Project("{FAE04EC0-301F-11D3-BF4B-00C04F79EFBC}") = "Lab2.9(BiblWorm)", "Lab2.9(BiblWorm)\Lab2.9(BiblWorm).csproj", "{30F8FB59-1945-49DE-BEF0-79A88E35132E}"
EndProject
Project("{FAE04EC0-301F-11D3-BF4B-00C04F79EFBC}") = "Lab3.1(WinTimer1)", "Lab3.1(WinTimer1)\Lab3.1(WinTimer1).csproj", "{C635B7E9-BEAE-49D7-A693-68E0A7E4D40D}"
EndProject
Project("{FAE04EC0-301F-11D3-BF4B-00C04F79EFBC}") = "Lab3.2(WinTimer2)", "Lab3.2(WinTimer2)\Lab3.2(WinTimer2).csproj", "{17327873-9EDB-49AD-9612-6B22580153DF}"
EndProject
Project("{FAE04EC0-301F-11D3-BF4B-00C04F79EFBC}") = "Lab3.3(WinButNum)", "Lab3.3(WinButNum)\Lab3.3(WinButNum).csproj", "{D44D4A4B-CCAB-4F3C-BC37-78BF9C6054EF}"
EndProject
Project("{FAE04EC0-301F-11D3-BF4B-00C04F79EFBC}") = "Lab7.1(WinBackgroundWorker)", "Lab7.1(WinBackgroundWorker)\Lab7.1(WinBackgroundWorker).csproj", "{9756E0AC-74A1-4161-81DE-75F049C121FB}"
EndProject
Project("{FAE04EC0-301F-11D3-BF4B-00C04F79EFBC}") = "Lab7.2(WinAsynchDelegate)", "Lab7.2(WinAsynchDelegate)\Lab7.2(WinAsynchDelegate).csproj", "{C02F4915-017E-4230-853A-DA6AF045CE7A}"
EndProject
Project("{FAE04EC0-301F-11D3-BF4B-00C04F79EFBC}") = "Lab7.3(WinAsynchMethod)", "Lab7.3(WinAsynchMethod)\Lab7.3(WinAsynchMethod).csproj", "{0538B143-A97F-430D-8D34-DF6E894F260F}"
EndProject
Project("{FAE04EC0-301F-11D3-BF4B-00C04F79EFBC}") = "Lab7.4(WinAsynchMethod)", "Lab7.4(WinAsynchMethod)\Lab7.4(WinAsynchMethod).csproj", "{DD28E3B5-8FDE-4265-9FB4-0D245D17F2C1}"
EndProject
Global
	GlobalSection(SolutionConfigurationPlatforms) = preSolution
		Debug|Any CPU = Debug|Any CPU
		Release|Any CPU = Release|Any CPU
	EndGlobalSection
	GlobalSection(ProjectConfigurationPlatforms) = postSolution
		{372952F0-58A6-4A94-82CB-9E7E87606174}.Debug|Any CPU.ActiveCfg = Debug|Any CPU
		{372952F0-58A6-4A94-82CB-9E7E87606174}.Debug|Any CPU.Build.0 = Debug|Any CPU
		{372952F0-58A6-4A94-82CB-9E7E87606174}.Release|Any CPU.ActiveCfg = Release|Any CPU
		{372952F0-58A6-4A94-82CB-9E7E87606174}.Release|Any CPU.Build.0 = Release|Any CPU
		{19F2EA1B-C35B-46F1-93F7-96F53029D176}.Debug|Any CPU.ActiveCfg = Debug|Any CPU
		{19F2EA1B-C35B-46F1-93F7-96F53029D176}.Debug|Any CPU.Build.0 = Debug|Any CPU
		{19F2EA1B-C35B-46F1-93F7-96F53029D176}.Release|Any CPU.ActiveCfg = Release|Any CPU
		{19F2EA1B-C35B-46F1-93F7-96F53029D176}.Release|Any CPU.Build.0 = Release|Any CPU
		{2AE21E86-81F8-4786-BA0D-54406D549497}.Debug|Any CPU.ActiveCfg = Debug|Any CPU
		{2AE21E86-81F8-4786-BA0D-54406D549497}.Debug|Any CPU.Build.0 = Debug|Any CPU
		{2AE21E86-81F8-4786-BA0D-54406D549497}.Release|Any CPU.ActiveCfg = Release|Any CPU
		{2AE21E86-81F8-4786-BA0D-54406D549497}.Release|Any CPU.Build.0 = Release|Any CPU
		{E756D90F-01A1-48FF-806C-DBF4E89C8F9C}.Debug|Any CPU.ActiveCfg = Debug|Any CPU
		{E756D90F-01A1-48FF-806C-DBF4E89C8F9C}.Debug|Any CPU.Build.0 = Debug|Any CPU
		{E756D90F-01A1-48FF-806C-DBF4E89C8F9C}.Release|Any CPU.ActiveCfg = Release|Any CPU
		{E756D90F-01A1-48FF-806C-DBF4E89C8F9C}.Release|Any CPU.Build.0 = Release|Any CPU
		{9D6EB8B9-81B0-4105-8E38-58616B836440}.Debug|Any CPU.ActiveCfg = Debug|Any CPU
		{9D6EB8B9-81B0-4105-8E38-58616B836440}.Debug|Any CPU.Build.0 = Debug|Any CPU
		{9D6EB8B9-81B0-4105-8E38-58616B836440}.Release|Any CPU.ActiveCfg = Release|Any CPU
		{9D6EB8B9-81B0-4105-8E38-58616B836440}.Release|Any CPU.Build.0 = Release|Any CPU
		{26635361-D10E-4C83-98C1-E060836043B8}.Debug|Any CPU.ActiveCfg = Debug|Any CPU
		{26635361-D10E-4C83-98C1-E060836043B8}.Debug|Any CPU.Build.0 = Debug|Any CPU
		{26635361-D10E-4C83-98C1-E060836043B8}.Release|Any CPU.ActiveCfg = Release|Any CPU
		{26635361-D10E-4C83-98C1-E060836043B8}.Release|Any CPU.Build.0 = Release|Any CPU
		{AF604EE0-C84D-4B8A-A5FA-4214A9F84352}.Debug|Any CPU.ActiveCfg = Debug|Any CPU
		{AF604EE0-C84D-4B8A-A5FA-4214A9F84352}.Debug|Any CPU.Build.0 = Debug|Any CPU
		{AF604EE0-C84D-4B8A-A5FA-4214A9F84352}.Release|Any CPU.ActiveCfg = Release|Any CPU
		{AF604EE0-C84D-4B8A-A5FA-4214A9F84352}.Release|Any CPU.Build.0 = Release|Any CPU
		{236F6ABE-6C51-4567-88C0-1E617D0FFA73}.Debug|Any CPU.ActiveCfg = Debug|Any CPU
		{236F6ABE-6C51-4567-88C0-1E617D0FFA73}.Debug|Any CPU.Build.0 = Debug|Any CPU
		{236F6ABE-6C51-4567-88C0-1E617D0FFA73}.Release|Any CPU.ActiveCfg = Release|Any CPU
		{236F6ABE-6C51-4567-88C0-1E617D0FFA73}.Release|Any CPU.Build.0 = Release|Any CPU
		{5D39C693-3D8A-4EC4-AD43-A4B8CF05FEED}.Debug|Any CPU.ActiveCfg = Debug|Any CPU
		{5D39C693-3D8A-4EC4-AD43-A4B8CF05FEED}.Debug|Any CPU.Build.0 = Debug|Any CPU
		{5D39C693-3D8A-4EC4-AD43-A4B8CF05FEED}.Release|Any CPU.ActiveCfg = Release|Any CPU
		{5D39C693-3D8A-4EC4-AD43-A4B8CF05FEED}.Release|Any CPU.Build.0 = Release|Any CPU
		{EBA7C9C1-BFFC-4E3D-842C-3FF11DE2B6B8}.Debug|Any CPU.ActiveCfg = Debug|Any CPU
		{EBA7C9C1-BFFC-4E3D-842C-3FF11DE2B6B8}.Debug|Any CPU.Build.0 = Debug|Any CPU
		{EBA7C9C1-BFFC-4E3D-842C-3FF11DE2B6B8}.Release|Any CPU.ActiveCfg = Release|Any CPU
		{EBA7C9C1-BFFC-4E3D-842C-3FF11DE2B6B8}.Release|Any CPU.Build.0 = Release|Any CPU
		{B9B701C1-C2F2-48DE-9F28-A11A296DB614}.Debug|Any CPU.ActiveCfg = Debug|Any CPU
		{B9B701C1-C2F2-48DE-9F28-A11A296DB614}.Debug|Any CPU.Build.0 = Debug|Any CPU
		{B9B701C1-C2F2-48DE-9F28-A11A296DB614}.Release|Any CPU.ActiveCfg = Release|Any CPU
		{B9B701C1-C2F2-48DE-9F28-A11A296DB614}.Release|Any CPU.Build.0 = Release|Any CPU
		{4FD98B5A-3764-43FB-9710-81357BEBAEF6}.Debug|Any CPU.ActiveCfg = Debug|Any CPU
		{4FD98B5A-3764-43FB-9710-81357BEBAEF6}.Debug|Any CPU.Build.0 = Debug|Any CPU
		{4FD98B5A-3764-43FB-9710-81357BEBAEF6}.Release|Any CPU.ActiveCfg = Release|Any CPU
		{4FD98B5A-3764-43FB-9710-81357BEBAEF6}.Release|Any CPU.Build.0 = Release|Any CPU
		{151E6223-CDA2-4C88-87A2-756BC7F84714}.Debug|Any CPU.ActiveCfg = Debug|Any CPU
		{151E6223-CDA2-4C88-87A2-756BC7F84714}.Debug|Any CPU.Build.0 = Debug|Any CPU
		{151E6223-CDA2-4C88-87A2-756BC7F84714}.Release|Any CPU.ActiveCfg = Release|Any CPU
		{151E6223-CDA2-4C88-87A2-756BC7F84714}.Release|Any CPU.Build.0 = Release|Any CPU
		{8515B6A0-4708-4397-A70C-C80F7EAB01AD}.Debug|Any CPU.ActiveCfg = Debug|Any CPU
		{8515B6A0-4708-4397-A70C-C80F7EAB01AD}.Debug|Any CPU.Build.0 = Debug|Any CPU
		{8515B6A0-4708-4397-A70C-C80F7EAB01AD}.Release|Any CPU.ActiveCfg = Release|Any CPU
		{8515B6A0-4708-4397-A70C-C80F7EAB01AD}.Release|Any CPU.Build.0 = Release|Any CPU
		{0BA3950D-2296-4AD8-8271-05A175071215}.Debug|Any CPU.ActiveCfg = Debug|Any CPU
		{0BA3950D-2296-4AD8-8271-05A175071215}.Debug|Any CPU.Build.0 = Debug|Any CPU
		{0BA3950D-2296-4AD8-8271-05A175071215}.Release|Any CPU.ActiveCfg = Release|Any CPU
		{0BA3950D-2296-4AD8-8271-05A175071215}.Release|Any CPU.Build.0 = Release|Any CPU
		{30F8FB59-1945-49DE-BEF0-79A88E35132E}.Debug|Any CPU.ActiveCfg = Debug|Any CPU
		{30F8FB59-1945-49DE-BEF0-79A88E35132E}.Debug|Any CPU.Build.0 = Debug|Any CPU
		{30F8FB59-1945-49DE-BEF0-79A88E35132E}.Release|Any CPU.ActiveCfg = Release|Any CPU
		{30F8FB59-1945-49DE-BEF0-79A88E35132E}.Release|Any CPU.Build.0 = Release|Any CPU
		{C635B7E9-BEAE-49D7-A693-68E0A7E4D40D}.Debug|Any CPU.ActiveCfg = Debug|Any CPU
		{C635B7E9-BEAE-49D7-A693-68E0A7E4D40D}.Debug|Any CPU.Build.0 = Debug|Any CPU
		{C635B7E9-BEAE-49D7-A693-68E0A7E4D40D}.Release|Any CPU.ActiveCfg = Release|Any CPU
		{C635B7E9-BEAE-49D7-A693-68E0A7E4D40D}.Release|Any CPU.Build.0 = Release|Any CPU
		{17327873-9EDB-49AD-9612-6B22580153DF}.Debug|Any CPU.ActiveCfg = Debug|Any CPU
		{17327873-9EDB-49AD-9612-6B22580153DF}.Debug|Any CPU.Build.0 = Debug|Any CPU
		{17327873-9EDB-49AD-9612-6B22580153DF}.Release|Any CPU.ActiveCfg = Release|Any CPU
		{17327873-9EDB-49AD-9612-6B22580153DF}.Release|Any CPU.Build.0 = Release|Any CPU
		{D44D4A4B-CCAB-4F3C-BC37-78BF9C6054EF}.Debug|Any CPU.ActiveCfg = Debug|Any CPU
		{D44D4A4B-CCAB-4F3C-BC37-78BF9C6054EF}.Debug|Any CPU.Build.0 = Debug|Any CPU
		{D44D4A4B-CCAB-4F3C-BC37-78BF9C6054EF}.Release|Any CPU.ActiveCfg = Release|Any CPU
		{D44D4A4B-CCAB-4F3C-BC37-78BF9C6054EF}.Release|Any CPU.Build.0 = Release|Any CPU
		{9756E0AC-74A1-4161-81DE-75F049C121FB}.Debug|Any CPU.ActiveCfg = Debug|Any CPU
		{9756E0AC-74A1-4161-81DE-75F049C121FB}.Debug|Any CPU.Build.0 = Debug|Any CPU
		{9756E0AC-74A1-4161-81DE-75F049C121FB}.Release|Any CPU.ActiveCfg = Release|Any CPU
		{9756E0AC-74A1-4161-81DE-75F049C121FB}.Release|Any CPU.Build.0 = Release|Any CPU
		{C02F4915-017E-4230-853A-DA6AF045CE7A}.Debug|Any CPU.ActiveCfg = Debug|Any CPU
		{C02F4915-017E-4230-853A-DA6AF045CE7A}.Debug|Any CPU.Build.0 = Debug|Any CPU
		{C02F4915-017E-4230-853A-DA6AF045CE7A}.Release|Any CPU.ActiveCfg = Release|Any CPU
		{C02F4915-017E-4230-853A-DA6AF045CE7A}.Release|Any CPU.Build.0 = Release|Any CPU
		{0538B143-A97F-430D-8D34-DF6E894F260F}.Debug|Any CPU.ActiveCfg = Debug|Any CPU
		{0538B143-A97F-430D-8D34-DF6E894F260F}.Debug|Any CPU.Build.0 = Debug|Any CPU
		{0538B143-A97F-430D-8D34-DF6E894F260F}.Release|Any CPU.ActiveCfg = Release|Any CPU
		{0538B143-A97F-430D-8D34-DF6E894F260F}.Release|Any CPU.Build.0 = Release|Any CPU
		{DD28E3B5-8FDE-4265-9FB4-0D245D17F2C1}.Debug|Any CPU.ActiveCfg = Debug|Any CPU
		{DD28E3B5-8FDE-4265-9FB4-0D245D17F2C1}.Debug|Any CPU.Build.0 = Debug|Any CPU
		{DD28E3B5-8FDE-4265-9FB4-0D245D17F2C1}.Release|Any CPU.ActiveCfg = Release|Any CPU
		{DD28E3B5-8FDE-4265-9FB4-0D245D17F2C1}.Release|Any CPU.Build.0 = Release|Any CPU
	EndGlobalSection
	GlobalSection(SolutionProperties) = preSolution
		HideSolutionNode = FALSE
	EndGlobalSection
	GlobalSection(ExtensibilityGlobals) = postSolution
		SolutionGuid = {3F854089-D090-493B-9FF9-A15736DD1049}
	EndGlobalSection
EndGlobal
